// !$*UTF8*$!
{
	archiveVersion = 1;
	classes = {
	};
	objectVersion = 46;
	objects = {

/* Begin PBXBuildFile section */
		30E346431516D37100C78706 /* HomeViewController.m in Sources */ = {isa = PBXBuildFile; fileRef = 30E346421516D37100C78706 /* HomeViewController.m */; };
		30E346471516D38700C78706 /* TripsViewController.m in Sources */ = {isa = PBXBuildFile; fileRef = 30E346461516D38700C78706 /* TripsViewController.m */; };
		30E3464A1516D39300C78706 /* MapsViewController.m in Sources */ = {isa = PBXBuildFile; fileRef = 30E346491516D39300C78706 /* MapsViewController.m */; };
		30E3464D1516D39E00C78706 /* SearchViewController.m in Sources */ = {isa = PBXBuildFile; fileRef = 30E3464C1516D39E00C78706 /* SearchViewController.m */; };
		30E346501516D3B500C78706 /* ProfileViewController.m in Sources */ = {isa = PBXBuildFile; fileRef = 30E3464F1516D3B500C78706 /* ProfileViewController.m */; };
		5F07DB2215256EEE00B8F8F1 /* TALAccomReadMoreViewController.m in Sources */ = {isa = PBXBuildFile; fileRef = 5F07DB2015256EEE00B8F8F1 /* TALAccomReadMoreViewController.m */; };
		5F07DB2315256EEE00B8F8F1 /* TALAccomReadMoreViewController.xib in Resources */ = {isa = PBXBuildFile; fileRef = 5F07DB2115256EEE00B8F8F1 /* TALAccomReadMoreViewController.xib */; };
		5F186D8E1520111800CB5B52 /* TALCityViewController.m in Sources */ = {isa = PBXBuildFile; fileRef = 5F186D8D1520111800CB5B52 /* TALCityViewController.m */; };
		5F186D901520158600CB5B52 /* testphoto.jpeg in Resources */ = {isa = PBXBuildFile; fileRef = 5F186D8F1520158600CB5B52 /* testphoto.jpeg */; };
		5F8A6D91151EC85200D0A84A /* HomeViewController.xib in Resources */ = {isa = PBXBuildFile; fileRef = 5F8A6D90151EC85200D0A84A /* HomeViewController.xib */; };
		5F8A6D9B151ECBF500D0A84A /* TALMyCitiesViewController.m in Sources */ = {isa = PBXBuildFile; fileRef = 5F8A6D9A151ECBF500D0A84A /* TALMyCitiesViewController.m */; };
		5F90EDC415240E5500D224EA /* TALAccommodationsCell.m in Sources */ = {isa = PBXBuildFile; fileRef = 5F90EDC315240E5500D224EA /* TALAccommodationsCell.m */; };
		5F90EDC715240EA600D224EA /* TALAccommodationsCell.xib in Resources */ = {isa = PBXBuildFile; fileRef = 5F90EDC615240EA600D224EA /* TALAccommodationsCell.xib */; };
		5F90EDCA1524140E00D224EA /* TALAccommodationsViewController.m in Sources */ = {isa = PBXBuildFile; fileRef = 5F90EDC91524140E00D224EA /* TALAccommodationsViewController.m */; };
		7CDA1300150E783800F7E2D5 /* UIKit.framework in Frameworks */ = {isa = PBXBuildFile; fileRef = 7CDA12FF150E783800F7E2D5 /* UIKit.framework */; };
		7CDA1302150E783800F7E2D5 /* Foundation.framework in Frameworks */ = {isa = PBXBuildFile; fileRef = 7CDA1301150E783800F7E2D5 /* Foundation.framework */; };
		7CDA1304150E783800F7E2D5 /* CoreGraphics.framework in Frameworks */ = {isa = PBXBuildFile; fileRef = 7CDA1303150E783800F7E2D5 /* CoreGraphics.framework */; };
		7CDA130A150E783800F7E2D5 /* InfoPlist.strings in Resources */ = {isa = PBXBuildFile; fileRef = 7CDA1308150E783800F7E2D5 /* InfoPlist.strings */; };
		7CDA130C150E783800F7E2D5 /* main.m in Sources */ = {isa = PBXBuildFile; fileRef = 7CDA130B150E783800F7E2D5 /* main.m */; };
		7CDA1310150E783800F7E2D5 /* LG_ShellAppDelegate.m in Sources */ = {isa = PBXBuildFile; fileRef = 7CDA130F150E783800F7E2D5 /* LG_ShellAppDelegate.m */; };
		7CDA1313150E783800F7E2D5 /* MainWindow.xib in Resources */ = {isa = PBXBuildFile; fileRef = 7CDA1311150E783800F7E2D5 /* MainWindow.xib */; };
		7CDA1316150E783800F7E2D5 /* LG_ShellViewController.m in Sources */ = {isa = PBXBuildFile; fileRef = 7CDA1315150E783800F7E2D5 /* LG_ShellViewController.m */; };
		7CDA1319150E783800F7E2D5 /* LG_ShellViewController.xib in Resources */ = {isa = PBXBuildFile; fileRef = 7CDA1317150E783800F7E2D5 /* LG_ShellViewController.xib */; };
		7CDA133D150E894E00F7E2D5 /* add folder icon_l.png in Resources */ = {isa = PBXBuildFile; fileRef = 7CDA1327150E894E00F7E2D5 /* add folder icon_l.png */; };
		7CDA133E150E894E00F7E2D5 /* add folder icon_p.png in Resources */ = {isa = PBXBuildFile; fileRef = 7CDA1328150E894E00F7E2D5 /* add folder icon_p.png */; };
		7CDA133F150E894E00F7E2D5 /* add to folder box_l.png in Resources */ = {isa = PBXBuildFile; fileRef = 7CDA1329150E894E00F7E2D5 /* add to folder box_l.png */; };
		7CDA1340150E894E00F7E2D5 /* add to folder box.png in Resources */ = {isa = PBXBuildFile; fileRef = 7CDA132A150E894E00F7E2D5 /* add to folder box.png */; };
		7CDA1341150E894E00F7E2D5 /* back button_l.png in Resources */ = {isa = PBXBuildFile; fileRef = 7CDA132B150E894E00F7E2D5 /* back button_l.png */; };
		7CDA1342150E894E00F7E2D5 /* back button_p.png in Resources */ = {isa = PBXBuildFile; fileRef = 7CDA132C150E894E00F7E2D5 /* back button_p.png */; };
		7CDA1343150E894E00F7E2D5 /* back button.png in Resources */ = {isa = PBXBuildFile; fileRef = 7CDA132D150E894E00F7E2D5 /* back button.png */; };
		7CDA1344150E894E00F7E2D5 /* background_l.jpg in Resources */ = {isa = PBXBuildFile; fileRef = 7CDA132E150E894E00F7E2D5 /* background_l.jpg */; };
		7CDA1345150E894E00F7E2D5 /* background_p.png in Resources */ = {isa = PBXBuildFile; fileRef = 7CDA132F150E894E00F7E2D5 /* background_p.png */; };
		7CDA1346150E894E00F7E2D5 /* closebutton.png in Resources */ = {isa = PBXBuildFile; fileRef = 7CDA1330150E894E00F7E2D5 /* closebutton.png */; };
		7CDA1347150E894E00F7E2D5 /* folder icon_l.png in Resources */ = {isa = PBXBuildFile; fileRef = 7CDA1331150E894E00F7E2D5 /* folder icon_l.png */; };
		7CDA1348150E894E00F7E2D5 /* folder icon_p.png in Resources */ = {isa = PBXBuildFile; fileRef = 7CDA1332150E894E00F7E2D5 /* folder icon_p.png */; };
		7CDA1349150E894E00F7E2D5 /* hsa logo small.png in Resources */ = {isa = PBXBuildFile; fileRef = 7CDA1333150E894E00F7E2D5 /* hsa logo small.png */; };
		7CDA134A150E894E00F7E2D5 /* hsa logo_l.png in Resources */ = {isa = PBXBuildFile; fileRef = 7CDA1334150E894E00F7E2D5 /* hsa logo_l.png */; };
		7CDA134B150E894E00F7E2D5 /* hsa logo.png in Resources */ = {isa = PBXBuildFile; fileRef = 7CDA1335150E894E00F7E2D5 /* hsa logo.png */; };
		7CDA134C150E894E00F7E2D5 /* info icon_l.png in Resources */ = {isa = PBXBuildFile; fileRef = 7CDA1336150E894E00F7E2D5 /* info icon_l.png */; };
		7CDA134D150E894E00F7E2D5 /* info icon_p.png in Resources */ = {isa = PBXBuildFile; fileRef = 7CDA1337150E894E00F7E2D5 /* info icon_p.png */; };
		7CDA134E150E894E00F7E2D5 /* previous button.png in Resources */ = {isa = PBXBuildFile; fileRef = 7CDA1338150E894E00F7E2D5 /* previous button.png */; };
		7CDA134F150E894E00F7E2D5 /* search icon_l.png in Resources */ = {isa = PBXBuildFile; fileRef = 7CDA1339150E894E00F7E2D5 /* search icon_l.png */; };
		7CDA1350150E894E00F7E2D5 /* search icon_p.png in Resources */ = {isa = PBXBuildFile; fileRef = 7CDA133A150E894E00F7E2D5 /* search icon_p.png */; };
		7CDA1351150E894E00F7E2D5 /* settings icon_l.png in Resources */ = {isa = PBXBuildFile; fileRef = 7CDA133B150E894E00F7E2D5 /* settings icon_l.png */; };
		7CDA1352150E894E00F7E2D5 /* settings icon_p.png in Resources */ = {isa = PBXBuildFile; fileRef = 7CDA133C150E894E00F7E2D5 /* settings icon_p.png */; };
/* End PBXBuildFile section */

/* Begin PBXFileReference section */
		30E346411516D37100C78706 /* HomeViewController.h */ = {isa = PBXFileReference; fileEncoding = 4; lastKnownFileType = sourcecode.c.h; path = HomeViewController.h; sourceTree = "<group>"; };
		30E346421516D37100C78706 /* HomeViewController.m */ = {isa = PBXFileReference; fileEncoding = 4; lastKnownFileType = sourcecode.c.objc; path = HomeViewController.m; sourceTree = "<group>"; };
		30E346451516D38700C78706 /* TripsViewController.h */ = {isa = PBXFileReference; fileEncoding = 4; lastKnownFileType = sourcecode.c.h; path = TripsViewController.h; sourceTree = "<group>"; };
		30E346461516D38700C78706 /* TripsViewController.m */ = {isa = PBXFileReference; fileEncoding = 4; lastKnownFileType = sourcecode.c.objc; path = TripsViewController.m; sourceTree = "<group>"; };
		30E346481516D39300C78706 /* MapsViewController.h */ = {isa = PBXFileReference; fileEncoding = 4; lastKnownFileType = sourcecode.c.h; path = MapsViewController.h; sourceTree = "<group>"; };
		30E346491516D39300C78706 /* MapsViewController.m */ = {isa = PBXFileReference; fileEncoding = 4; lastKnownFileType = sourcecode.c.objc; path = MapsViewController.m; sourceTree = "<group>"; };
		30E3464B1516D39E00C78706 /* SearchViewController.h */ = {isa = PBXFileReference; fileEncoding = 4; lastKnownFileType = sourcecode.c.h; path = SearchViewController.h; sourceTree = "<group>"; };
		30E3464C1516D39E00C78706 /* SearchViewController.m */ = {isa = PBXFileReference; fileEncoding = 4; lastKnownFileType = sourcecode.c.objc; path = SearchViewController.m; sourceTree = "<group>"; };
		30E3464E1516D3B500C78706 /* ProfileViewController.h */ = {isa = PBXFileReference; fileEncoding = 4; lastKnownFileType = sourcecode.c.h; path = ProfileViewController.h; sourceTree = "<group>"; };
		30E3464F1516D3B500C78706 /* ProfileViewController.m */ = {isa = PBXFileReference; fileEncoding = 4; lastKnownFileType = sourcecode.c.objc; path = ProfileViewController.m; sourceTree = "<group>"; };
		5F07DB1F15256EEE00B8F8F1 /* TALAccomReadMoreViewController.h */ = {isa = PBXFileReference; fileEncoding = 4; lastKnownFileType = sourcecode.c.h; path = TALAccomReadMoreViewController.h; sourceTree = "<group>"; };
		5F07DB2015256EEE00B8F8F1 /* TALAccomReadMoreViewController.m */ = {isa = PBXFileReference; fileEncoding = 4; lastKnownFileType = sourcecode.c.objc; path = TALAccomReadMoreViewController.m; sourceTree = "<group>"; };
		5F07DB2115256EEE00B8F8F1 /* TALAccomReadMoreViewController.xib */ = {isa = PBXFileReference; fileEncoding = 4; lastKnownFileType = file.xib; path = TALAccomReadMoreViewController.xib; sourceTree = "<group>"; };
		5F186D8C1520111800CB5B52 /* TALCityViewController.h */ = {isa = PBXFileReference; fileEncoding = 4; lastKnownFileType = sourcecode.c.h; path = TALCityViewController.h; sourceTree = "<group>"; };
		5F186D8D1520111800CB5B52 /* TALCityViewController.m */ = {isa = PBXFileReference; fileEncoding = 4; lastKnownFileType = sourcecode.c.objc; path = TALCityViewController.m; sourceTree = "<group>"; };
		5F186D8F1520158600CB5B52 /* testphoto.jpeg */ = {isa = PBXFileReference; lastKnownFileType = image.jpeg; path = testphoto.jpeg; sourceTree = "<group>"; };
		5F8A6D90151EC85200D0A84A /* HomeViewController.xib */ = {isa = PBXFileReference; fileEncoding = 4; lastKnownFileType = file.xib; path = HomeViewController.xib; sourceTree = "<group>"; };
		5F8A6D99151ECBF500D0A84A /* TALMyCitiesViewController.h */ = {isa = PBXFileReference; fileEncoding = 4; lastKnownFileType = sourcecode.c.h; path = TALMyCitiesViewController.h; sourceTree = "<group>"; };
		5F8A6D9A151ECBF500D0A84A /* TALMyCitiesViewController.m */ = {isa = PBXFileReference; fileEncoding = 4; lastKnownFileType = sourcecode.c.objc; path = TALMyCitiesViewController.m; sourceTree = "<group>"; };
		5F90EDC215240E5500D224EA /* TALAccommodationsCell.h */ = {isa = PBXFileReference; fileEncoding = 4; lastKnownFileType = sourcecode.c.h; path = TALAccommodationsCell.h; sourceTree = "<group>"; };
		5F90EDC315240E5500D224EA /* TALAccommodationsCell.m */ = {isa = PBXFileReference; fileEncoding = 4; lastKnownFileType = sourcecode.c.objc; path = TALAccommodationsCell.m; sourceTree = "<group>"; };
		5F90EDC615240EA600D224EA /* TALAccommodationsCell.xib */ = {isa = PBXFileReference; fileEncoding = 4; lastKnownFileType = file.xib; path = TALAccommodationsCell.xib; sourceTree = "<group>"; };
		5F90EDC81524140E00D224EA /* TALAccommodationsViewController.h */ = {isa = PBXFileReference; fileEncoding = 4; lastKnownFileType = sourcecode.c.h; path = TALAccommodationsViewController.h; sourceTree = "<group>"; };
		5F90EDC91524140E00D224EA /* TALAccommodationsViewController.m */ = {isa = PBXFileReference; fileEncoding = 4; lastKnownFileType = sourcecode.c.objc; path = TALAccommodationsViewController.m; sourceTree = "<group>"; };
		7CDA12FB150E783800F7E2D5 /* LG Shell.app */ = {isa = PBXFileReference; explicitFileType = wrapper.application; includeInIndex = 0; path = "LG Shell.app"; sourceTree = BUILT_PRODUCTS_DIR; };
		7CDA12FF150E783800F7E2D5 /* UIKit.framework */ = {isa = PBXFileReference; lastKnownFileType = wrapper.framework; name = UIKit.framework; path = System/Library/Frameworks/UIKit.framework; sourceTree = SDKROOT; };
		7CDA1301150E783800F7E2D5 /* Foundation.framework */ = {isa = PBXFileReference; lastKnownFileType = wrapper.framework; name = Foundation.framework; path = System/Library/Frameworks/Foundation.framework; sourceTree = SDKROOT; };
		7CDA1303150E783800F7E2D5 /* CoreGraphics.framework */ = {isa = PBXFileReference; lastKnownFileType = wrapper.framework; name = CoreGraphics.framework; path = System/Library/Frameworks/CoreGraphics.framework; sourceTree = SDKROOT; };
		7CDA1307150E783800F7E2D5 /* LG Shell-Info.plist */ = {isa = PBXFileReference; lastKnownFileType = text.plist.xml; path = "LG Shell-Info.plist"; sourceTree = "<group>"; };
		7CDA1309150E783800F7E2D5 /* en */ = {isa = PBXFileReference; lastKnownFileType = text.plist.strings; name = en; path = en.lproj/InfoPlist.strings; sourceTree = "<group>"; };
		7CDA130B150E783800F7E2D5 /* main.m */ = {isa = PBXFileReference; lastKnownFileType = sourcecode.c.objc; path = main.m; sourceTree = "<group>"; };
		7CDA130D150E783800F7E2D5 /* LG Shell-Prefix.pch */ = {isa = PBXFileReference; lastKnownFileType = sourcecode.c.h; path = "LG Shell-Prefix.pch"; sourceTree = "<group>"; };
		7CDA130E150E783800F7E2D5 /* LG_ShellAppDelegate.h */ = {isa = PBXFileReference; lastKnownFileType = sourcecode.c.h; path = LG_ShellAppDelegate.h; sourceTree = "<group>"; };
		7CDA130F150E783800F7E2D5 /* LG_ShellAppDelegate.m */ = {isa = PBXFileReference; lastKnownFileType = sourcecode.c.objc; path = LG_ShellAppDelegate.m; sourceTree = "<group>"; };
		7CDA1312150E783800F7E2D5 /* en */ = {isa = PBXFileReference; lastKnownFileType = file.xib; name = en; path = en.lproj/MainWindow.xib; sourceTree = "<group>"; };
		7CDA1314150E783800F7E2D5 /* LG_ShellViewController.h */ = {isa = PBXFileReference; lastKnownFileType = sourcecode.c.h; path = LG_ShellViewController.h; sourceTree = "<group>"; };
		7CDA1315150E783800F7E2D5 /* LG_ShellViewController.m */ = {isa = PBXFileReference; lastKnownFileType = sourcecode.c.objc; path = LG_ShellViewController.m; sourceTree = "<group>"; };
		7CDA1318150E783800F7E2D5 /* en */ = {isa = PBXFileReference; lastKnownFileType = file.xib; name = en; path = en.lproj/LG_ShellViewController.xib; sourceTree = "<group>"; };
		7CDA1327150E894E00F7E2D5 /* add folder icon_l.png */ = {isa = PBXFileReference; lastKnownFileType = image.png; name = "add folder icon_l.png"; path = "Graphics/add folder icon_l.png"; sourceTree = SOURCE_ROOT; };
		7CDA1328150E894E00F7E2D5 /* add folder icon_p.png */ = {isa = PBXFileReference; lastKnownFileType = image.png; name = "add folder icon_p.png"; path = "Graphics/add folder icon_p.png"; sourceTree = SOURCE_ROOT; };
		7CDA1329150E894E00F7E2D5 /* add to folder box_l.png */ = {isa = PBXFileReference; lastKnownFileType = image.png; name = "add to folder box_l.png"; path = "Graphics/add to folder box_l.png"; sourceTree = SOURCE_ROOT; };
		7CDA132A150E894E00F7E2D5 /* add to folder box.png */ = {isa = PBXFileReference; lastKnownFileType = image.png; name = "add to folder box.png"; path = "Graphics/add to folder box.png"; sourceTree = SOURCE_ROOT; };
		7CDA132B150E894E00F7E2D5 /* back button_l.png */ = {isa = PBXFileReference; lastKnownFileType = image.png; name = "back button_l.png"; path = "Graphics/back button_l.png"; sourceTree = SOURCE_ROOT; };
		7CDA132C150E894E00F7E2D5 /* back button_p.png */ = {isa = PBXFileReference; lastKnownFileType = image.png; name = "back button_p.png"; path = "Graphics/back button_p.png"; sourceTree = SOURCE_ROOT; };
		7CDA132D150E894E00F7E2D5 /* back button.png */ = {isa = PBXFileReference; lastKnownFileType = image.png; name = "back button.png"; path = "Graphics/back button.png"; sourceTree = SOURCE_ROOT; };
		7CDA132E150E894E00F7E2D5 /* background_l.jpg */ = {isa = PBXFileReference; lastKnownFileType = image.jpeg; name = background_l.jpg; path = Graphics/background_l.jpg; sourceTree = SOURCE_ROOT; };
		7CDA132F150E894E00F7E2D5 /* background_p.png */ = {isa = PBXFileReference; lastKnownFileType = image.png; name = background_p.png; path = Graphics/background_p.png; sourceTree = SOURCE_ROOT; };
		7CDA1330150E894E00F7E2D5 /* closebutton.png */ = {isa = PBXFileReference; lastKnownFileType = image.png; name = closebutton.png; path = Graphics/closebutton.png; sourceTree = SOURCE_ROOT; };
		7CDA1331150E894E00F7E2D5 /* folder icon_l.png */ = {isa = PBXFileReference; lastKnownFileType = image.png; name = "folder icon_l.png"; path = "Graphics/folder icon_l.png"; sourceTree = SOURCE_ROOT; };
		7CDA1332150E894E00F7E2D5 /* folder icon_p.png */ = {isa = PBXFileReference; lastKnownFileType = image.png; name = "folder icon_p.png"; path = "Graphics/folder icon_p.png"; sourceTree = SOURCE_ROOT; };
		7CDA1333150E894E00F7E2D5 /* hsa logo small.png */ = {isa = PBXFileReference; lastKnownFileType = image.png; name = "hsa logo small.png"; path = "Graphics/hsa logo small.png"; sourceTree = SOURCE_ROOT; };
		7CDA1334150E894E00F7E2D5 /* hsa logo_l.png */ = {isa = PBXFileReference; lastKnownFileType = image.png; name = "hsa logo_l.png"; path = "Graphics/hsa logo_l.png"; sourceTree = SOURCE_ROOT; };
		7CDA1335150E894E00F7E2D5 /* hsa logo.png */ = {isa = PBXFileReference; lastKnownFileType = image.png; name = "hsa logo.png"; path = "Graphics/hsa logo.png"; sourceTree = SOURCE_ROOT; };
		7CDA1336150E894E00F7E2D5 /* info icon_l.png */ = {isa = PBXFileReference; lastKnownFileType = image.png; name = "info icon_l.png"; path = "Graphics/info icon_l.png"; sourceTree = SOURCE_ROOT; };
		7CDA1337150E894E00F7E2D5 /* info icon_p.png */ = {isa = PBXFileReference; lastKnownFileType = image.png; name = "info icon_p.png"; path = "Graphics/info icon_p.png"; sourceTree = SOURCE_ROOT; };
		7CDA1338150E894E00F7E2D5 /* previous button.png */ = {isa = PBXFileReference; lastKnownFileType = image.png; name = "previous button.png"; path = "Graphics/previous button.png"; sourceTree = SOURCE_ROOT; };
		7CDA1339150E894E00F7E2D5 /* search icon_l.png */ = {isa = PBXFileReference; lastKnownFileType = image.png; name = "search icon_l.png"; path = "Graphics/search icon_l.png"; sourceTree = SOURCE_ROOT; };
		7CDA133A150E894E00F7E2D5 /* search icon_p.png */ = {isa = PBXFileReference; lastKnownFileType = image.png; name = "search icon_p.png"; path = "Graphics/search icon_p.png"; sourceTree = SOURCE_ROOT; };
		7CDA133B150E894E00F7E2D5 /* settings icon_l.png */ = {isa = PBXFileReference; lastKnownFileType = image.png; name = "settings icon_l.png"; path = "Graphics/settings icon_l.png"; sourceTree = SOURCE_ROOT; };
		7CDA133C150E894E00F7E2D5 /* settings icon_p.png */ = {isa = PBXFileReference; lastKnownFileType = image.png; name = "settings icon_p.png"; path = "Graphics/settings icon_p.png"; sourceTree = SOURCE_ROOT; };
/* End PBXFileReference section */

/* Begin PBXFrameworksBuildPhase section */
		7CDA12F8150E783800F7E2D5 /* Frameworks */ = {
			isa = PBXFrameworksBuildPhase;
			buildActionMask = 2147483647;
			files = (
				7CDA1300150E783800F7E2D5 /* UIKit.framework in Frameworks */,
				7CDA1302150E783800F7E2D5 /* Foundation.framework in Frameworks */,
				7CDA1304150E783800F7E2D5 /* CoreGraphics.framework in Frameworks */,
			);
			runOnlyForDeploymentPostprocessing = 0;
		};
/* End PBXFrameworksBuildPhase section */

/* Begin PBXGroup section */
		5F8A6D98151ECBA500D0A84A /* MyCities */ = {
			isa = PBXGroup;
			children = (
				5F8A6D99151ECBF500D0A84A /* TALMyCitiesViewController.h */,
				5F8A6D9A151ECBF500D0A84A /* TALMyCitiesViewController.m */,
				5F186D8C1520111800CB5B52 /* TALCityViewController.h */,
				5F186D8D1520111800CB5B52 /* TALCityViewController.m */,
				5F90EDC81524140E00D224EA /* TALAccommodationsViewController.h */,
				5F90EDC91524140E00D224EA /* TALAccommodationsViewController.m */,
				5F90EDC215240E5500D224EA /* TALAccommodationsCell.h */,
				5F90EDC315240E5500D224EA /* TALAccommodationsCell.m */,
				5F90EDC615240EA600D224EA /* TALAccommodationsCell.xib */,
				5F07DB1F15256EEE00B8F8F1 /* TALAccomReadMoreViewController.h */,
				5F07DB2015256EEE00B8F8F1 /* TALAccomReadMoreViewController.m */,
				5F07DB2115256EEE00B8F8F1 /* TALAccomReadMoreViewController.xib */,
			);
			name = MyCities;
			sourceTree = "<group>";
		};
		7CDA12F0150E783800F7E2D5 = {
			isa = PBXGroup;
			children = (
				7CDA1325150E890200F7E2D5 /* Graphics */,
				7CDA1305150E783800F7E2D5 /* LG Shell */,
				7CDA12FE150E783800F7E2D5 /* Frameworks */,
				7CDA12FC150E783800F7E2D5 /* Products */,
			);
			sourceTree = "<group>";
		};
		7CDA12FC150E783800F7E2D5 /* Products */ = {
			isa = PBXGroup;
			children = (
				7CDA12FB150E783800F7E2D5 /* LG Shell.app */,
			);
			name = Products;
			sourceTree = "<group>";
		};
		7CDA12FE150E783800F7E2D5 /* Frameworks */ = {
			isa = PBXGroup;
			children = (
				7CDA12FF150E783800F7E2D5 /* UIKit.framework */,
				7CDA1301150E783800F7E2D5 /* Foundation.framework */,
				7CDA1303150E783800F7E2D5 /* CoreGraphics.framework */,
			);
			name = Frameworks;
			sourceTree = "<group>";
		};
		7CDA1305150E783800F7E2D5 /* LG Shell */ = {
			isa = PBXGroup;
			children = (
				7CDA130E150E783800F7E2D5 /* LG_ShellAppDelegate.h */,
				7CDA130F150E783800F7E2D5 /* LG_ShellAppDelegate.m */,
				7CDA1311150E783800F7E2D5 /* MainWindow.xib */,
				7CDA1314150E783800F7E2D5 /* LG_ShellViewController.h */,
				7CDA1315150E783800F7E2D5 /* LG_ShellViewController.m */,
				7CDA1317150E783800F7E2D5 /* LG_ShellViewController.xib */,
				30E346411516D37100C78706 /* HomeViewController.h */,
				30E346421516D37100C78706 /* HomeViewController.m */,
				5F8A6D90151EC85200D0A84A /* HomeViewController.xib */,
				5F8A6D98151ECBA500D0A84A /* MyCities */,
				30E346451516D38700C78706 /* TripsViewController.h */,
				30E346461516D38700C78706 /* TripsViewController.m */,
				30E346481516D39300C78706 /* MapsViewController.h */,
				30E346491516D39300C78706 /* MapsViewController.m */,
				30E3464B1516D39E00C78706 /* SearchViewController.h */,
				30E3464C1516D39E00C78706 /* SearchViewController.m */,
				30E3464E1516D3B500C78706 /* ProfileViewController.h */,
				30E3464F1516D3B500C78706 /* ProfileViewController.m */,
				7CDA1306150E783800F7E2D5 /* Supporting Files */,
			);
			path = "LG Shell";
			sourceTree = "<group>";
		};
		7CDA1306150E783800F7E2D5 /* Supporting Files */ = {
			isa = PBXGroup;
			children = (
				5F186D8F1520158600CB5B52 /* testphoto.jpeg */,
				7CDA1307150E783800F7E2D5 /* LG Shell-Info.plist */,
				7CDA1308150E783800F7E2D5 /* InfoPlist.strings */,
				7CDA130B150E783800F7E2D5 /* main.m */,
				7CDA130D150E783800F7E2D5 /* LG Shell-Prefix.pch */,
			);
			name = "Supporting Files";
			sourceTree = "<group>";
		};
		7CDA1325150E890200F7E2D5 /* Graphics */ = {
			isa = PBXGroup;
			children = (
				7CDA1327150E894E00F7E2D5 /* add folder icon_l.png */,
				7CDA1328150E894E00F7E2D5 /* add folder icon_p.png */,
				7CDA1329150E894E00F7E2D5 /* add to folder box_l.png */,
				7CDA132A150E894E00F7E2D5 /* add to folder box.png */,
				7CDA132B150E894E00F7E2D5 /* back button_l.png */,
				7CDA132C150E894E00F7E2D5 /* back button_p.png */,
				7CDA132D150E894E00F7E2D5 /* back button.png */,
				7CDA132E150E894E00F7E2D5 /* background_l.jpg */,
				7CDA132F150E894E00F7E2D5 /* background_p.png */,
				7CDA1330150E894E00F7E2D5 /* closebutton.png */,
				7CDA1331150E894E00F7E2D5 /* folder icon_l.png */,
				7CDA1332150E894E00F7E2D5 /* folder icon_p.png */,
				7CDA1333150E894E00F7E2D5 /* hsa logo small.png */,
				7CDA1334150E894E00F7E2D5 /* hsa logo_l.png */,
				7CDA1335150E894E00F7E2D5 /* hsa logo.png */,
				7CDA1336150E894E00F7E2D5 /* info icon_l.png */,
				7CDA1337150E894E00F7E2D5 /* info icon_p.png */,
				7CDA1338150E894E00F7E2D5 /* previous button.png */,
				7CDA1339150E894E00F7E2D5 /* search icon_l.png */,
				7CDA133A150E894E00F7E2D5 /* search icon_p.png */,
				7CDA133B150E894E00F7E2D5 /* settings icon_l.png */,
				7CDA133C150E894E00F7E2D5 /* settings icon_p.png */,
			);
			name = Graphics;
			path = "LG Shell";
			sourceTree = "<group>";
		};
/* End PBXGroup section */

/* Begin PBXNativeTarget section */
		7CDA12FA150E783800F7E2D5 /* LG Shell */ = {
			isa = PBXNativeTarget;
			buildConfigurationList = 7CDA131C150E783800F7E2D5 /* Build configuration list for PBXNativeTarget "LG Shell" */;
			buildPhases = (
				7CDA12F7150E783800F7E2D5 /* Sources */,
				7CDA12F8150E783800F7E2D5 /* Frameworks */,
				7CDA12F9150E783800F7E2D5 /* Resources */,
			);
			buildRules = (
			);
			dependencies = (
			);
			name = "LG Shell";
			productName = "LG Shell";
			productReference = 7CDA12FB150E783800F7E2D5 /* LG Shell.app */;
			productType = "com.apple.product-type.application";
		};
/* End PBXNativeTarget section */

/* Begin PBXProject section */
		7CDA12F2150E783800F7E2D5 /* Project object */ = {
			isa = PBXProject;
			buildConfigurationList = 7CDA12F5150E783800F7E2D5 /* Build configuration list for PBXProject "LG Shell" */;
			compatibilityVersion = "Xcode 3.2";
			developmentRegion = English;
			hasScannedForEncodings = 0;
			knownRegions = (
				en,
			);
			mainGroup = 7CDA12F0150E783800F7E2D5;
			productRefGroup = 7CDA12FC150E783800F7E2D5 /* Products */;
			projectDirPath = "";
			projectRoot = "";
			targets = (
				7CDA12FA150E783800F7E2D5 /* LG Shell */,
			);
		};
/* End PBXProject section */

/* Begin PBXResourcesBuildPhase section */
		7CDA12F9150E783800F7E2D5 /* Resources */ = {
			isa = PBXResourcesBuildPhase;
			buildActionMask = 2147483647;
			files = (
				7CDA130A150E783800F7E2D5 /* InfoPlist.strings in Resources */,
				7CDA1313150E783800F7E2D5 /* MainWindow.xib in Resources */,
				7CDA1319150E783800F7E2D5 /* LG_ShellViewController.xib in Resources */,
				7CDA133D150E894E00F7E2D5 /* add folder icon_l.png in Resources */,
				7CDA133E150E894E00F7E2D5 /* add folder icon_p.png in Resources */,
				7CDA133F150E894E00F7E2D5 /* add to folder box_l.png in Resources */,
				7CDA1340150E894E00F7E2D5 /* add to folder box.png in Resources */,
				7CDA1341150E894E00F7E2D5 /* back button_l.png in Resources */,
				7CDA1342150E894E00F7E2D5 /* back button_p.png in Resources */,
				7CDA1343150E894E00F7E2D5 /* back button.png in Resources */,
				7CDA1344150E894E00F7E2D5 /* background_l.jpg in Resources */,
				7CDA1345150E894E00F7E2D5 /* background_p.png in Resources */,
				7CDA1346150E894E00F7E2D5 /* closebutton.png in Resources */,
				7CDA1347150E894E00F7E2D5 /* folder icon_l.png in Resources */,
				7CDA1348150E894E00F7E2D5 /* folder icon_p.png in Resources */,
				7CDA1349150E894E00F7E2D5 /* hsa logo small.png in Resources */,
				7CDA134A150E894E00F7E2D5 /* hsa logo_l.png in Resources */,
				7CDA134B150E894E00F7E2D5 /* hsa logo.png in Resources */,
				7CDA134C150E894E00F7E2D5 /* info icon_l.png in Resources */,
				7CDA134D150E894E00F7E2D5 /* info icon_p.png in Resources */,
				7CDA134E150E894E00F7E2D5 /* previous button.png in Resources */,
				7CDA134F150E894E00F7E2D5 /* search icon_l.png in Resources */,
				7CDA1350150E894E00F7E2D5 /* search icon_p.png in Resources */,
				7CDA1351150E894E00F7E2D5 /* settings icon_l.png in Resources */,
				7CDA1352150E894E00F7E2D5 /* settings icon_p.png in Resources */,
				5F8A6D91151EC85200D0A84A /* HomeViewController.xib in Resources */,
				5F186D901520158600CB5B52 /* testphoto.jpeg in Resources */,
				5F90EDC715240EA600D224EA /* TALAccommodationsCell.xib in Resources */,
				5F07DB2315256EEE00B8F8F1 /* TALAccomReadMoreViewController.xib in Resources */,
			);
			runOnlyForDeploymentPostprocessing = 0;
		};
/* End PBXResourcesBuildPhase section */

/* Begin PBXSourcesBuildPhase section */
		7CDA12F7150E783800F7E2D5 /* Sources */ = {
			isa = PBXSourcesBuildPhase;
			buildActionMask = 2147483647;
			files = (
				7CDA130C150E783800F7E2D5 /* main.m in Sources */,
				7CDA1310150E783800F7E2D5 /* LG_ShellAppDelegate.m in Sources */,
				7CDA1316150E783800F7E2D5 /* LG_ShellViewController.m in Sources */,
				30E346431516D37100C78706 /* HomeViewController.m in Sources */,
				30E346471516D38700C78706 /* TripsViewController.m in Sources */,
				30E3464A1516D39300C78706 /* MapsViewController.m in Sources */,
				30E3464D1516D39E00C78706 /* SearchViewController.m in Sources */,
				30E346501516D3B500C78706 /* ProfileViewController.m in Sources */,
				5F8A6D9B151ECBF500D0A84A /* TALMyCitiesViewController.m in Sources */,
				5F186D8E1520111800CB5B52 /* TALCityViewController.m in Sources */,
				5F90EDC415240E5500D224EA /* TALAccommodationsCell.m in Sources */,
				5F90EDCA1524140E00D224EA /* TALAccommodationsViewController.m in Sources */,
				5F07DB2215256EEE00B8F8F1 /* TALAccomReadMoreViewController.m in Sources */,
			);
			runOnlyForDeploymentPostprocessing = 0;
		};
/* End PBXSourcesBuildPhase section */

/* Begin PBXVariantGroup section */
		7CDA1308150E783800F7E2D5 /* InfoPlist.strings */ = {
			isa = PBXVariantGroup;
			children = (
				7CDA1309150E783800F7E2D5 /* en */,
			);
			name = InfoPlist.strings;
			sourceTree = "<group>";
		};
		7CDA1311150E783800F7E2D5 /* MainWindow.xib */ = {
			isa = PBXVariantGroup;
			children = (
				7CDA1312150E783800F7E2D5 /* en */,
			);
			name = MainWindow.xib;
			sourceTree = "<group>";
		};
		7CDA1317150E783800F7E2D5 /* LG_ShellViewController.xib */ = {
			isa = PBXVariantGroup;
			children = (
				7CDA1318150E783800F7E2D5 /* en */,
			);
			name = LG_ShellViewController.xib;
			sourceTree = "<group>";
		};
/* End PBXVariantGroup section */

/* Begin XCBuildConfiguration section */
		7CDA131A150E783800F7E2D5 /* Debug */ = {
			isa = XCBuildConfiguration;
			buildSettings = {
				ALWAYS_SEARCH_USER_PATHS = NO;
				ARCHS = "$(ARCHS_STANDARD_32_BIT)";
				"CODE_SIGN_IDENTITY[sdk=iphoneos*]" = "iPhone Developer";
				COPY_PHASE_STRIP = NO;
				GCC_C_LANGUAGE_STANDARD = gnu99;
				GCC_DYNAMIC_NO_PIC = NO;
				GCC_OPTIMIZATION_LEVEL = 0;
				GCC_PREPROCESSOR_DEFINITIONS = (
					"DEBUG=1",
					"$(inherited)",
				);
				GCC_SYMBOLS_PRIVATE_EXTERN = NO;
				GCC_VERSION = com.apple.compilers.llvm.clang.1_0;
				GCC_WARN_ABOUT_MISSING_PROTOTYPES = YES;
				GCC_WARN_ABOUT_RETURN_TYPE = YES;
				GCC_WARN_UNUSED_VARIABLE = YES;
				IPHONEOS_DEPLOYMENT_TARGET = 4.3;
				SDKROOT = iphoneos;
			};
			name = Debug;
		};
		7CDA131B150E783800F7E2D5 /* Release */ = {
			isa = XCBuildConfiguration;
			buildSettings = {
				ALWAYS_SEARCH_USER_PATHS = NO;
				ARCHS = "$(ARCHS_STANDARD_32_BIT)";
				"CODE_SIGN_IDENTITY[sdk=iphoneos*]" = "iPhone Developer";
				COPY_PHASE_STRIP = YES;
				GCC_C_LANGUAGE_STANDARD = gnu99;
				GCC_VERSION = com.apple.compilers.llvm.clang.1_0;
				GCC_WARN_ABOUT_MISSING_PROTOTYPES = YES;
				GCC_WARN_ABOUT_RETURN_TYPE = YES;
				GCC_WARN_UNUSED_VARIABLE = YES;
				IPHONEOS_DEPLOYMENT_TARGET = 4.3;
				OTHER_CFLAGS = "-DNS_BLOCK_ASSERTIONS=1";
				SDKROOT = iphoneos;
				VALIDATE_PRODUCT = YES;
			};
			name = Release;
		};
		7CDA131D150E783800F7E2D5 /* Debug */ = {
			isa = XCBuildConfiguration;
			buildSettings = {
				GCC_PRECOMPILE_PREFIX_HEADER = YES;
				GCC_PREFIX_HEADER = "LG Shell/LG Shell-Prefix.pch";
				INFOPLIST_FILE = "LG Shell/LG Shell-Info.plist";
				PRODUCT_NAME = "$(TARGET_NAME)";
				WRAPPER_EXTENSION = app;
			};
			name = Debug;
		};
		7CDA131E150E783800F7E2D5 /* Release */ = {
			isa = XCBuildConfiguration;
			buildSettings = {
				GCC_PRECOMPILE_PREFIX_HEADER = YES;
				GCC_PREFIX_HEADER = "LG Shell/LG Shell-Prefix.pch";
				INFOPLIST_FILE = "LG Shell/LG Shell-Info.plist";
				PRODUCT_NAME = "$(TARGET_NAME)";
				WRAPPER_EXTENSION = app;
			};
			name = Release;
		};
/* End XCBuildConfiguration section */

/* Begin XCConfigurationList section */
		7CDA12F5150E783800F7E2D5 /* Build configuration list for PBXProject "LG Shell" */ = {
			isa = XCConfigurationList;
			buildConfigurations = (
				7CDA131A150E783800F7E2D5 /* Debug */,
				7CDA131B150E783800F7E2D5 /* Release */,
			);
			defaultConfigurationIsVisible = 0;
			defaultConfigurationName = Release;
		};
		7CDA131C150E783800F7E2D5 /* Build configuration list for PBXNativeTarget "LG Shell" */ = {
			isa = XCConfigurationList;
			buildConfigurations = (
				7CDA131D150E783800F7E2D5 /* Debug */,
				7CDA131E150E783800F7E2D5 /* Release */,
			);
			defaultConfigurationIsVisible = 0;
			defaultConfigurationName = Release;
		};
/* End XCConfigurationList section */
	};
	rootObject = 7CDA12F2150E783800F7E2D5 /* Project object */;
}
